
Microsoft Visual Studio Solution File, Format Version 12.00
# Visual Studio Version 17
VisualStudioVersion = 17.14.36203.30 d17.14
MinimumVisualStudioVersion = 10.0.40219.1
Project("{FAE04EC0-301F-11D3-BF4B-00C04F79EFBC}") = "zad10", "zad10.csproj", "{09DC0462-25A7-47A4-ADEB-E5B726C85453}"
EndProject
Global
	GlobalSection(SolutionConfigurationPlatforms) = preSolution
		Debug|Any CPU = Debug|Any CPU
		Release|Any CPU = Release|Any CPU
	EndGlobalSection
	GlobalSection(ProjectConfigurationPlatforms) = postSolution
		{09DC0462-25A7-47A4-ADEB-E5B726C85453}.Debug|Any CPU.ActiveCfg = Debug|Any CPU
		{09DC0462-25A7-47A4-ADEB-E5B726C85453}.Debug|Any CPU.Build.0 = Debug|Any CPU
		{09DC0462-25A7-47A4-ADEB-E5B726C85453}.Release|Any CPU.ActiveCfg = Release|Any CPU
		{09DC0462-25A7-47A4-ADEB-E5B726C85453}.Release|Any CPU.Build.0 = Release|Any CPU
	EndGlobalSection
	GlobalSection(SolutionProperties) = preSolution
		HideSolutionNode = FALSE
	EndGlobalSection
	GlobalSection(ExtensibilityGlobals) = postSolution
		SolutionGuid = {982B36F9-8517-447A-85E9-45AB81AF4341}
	EndGlobalSection
EndGlobal
